
Microsoft Visual Studio Solution File, Format Version 12.00
# Visual Studio Version 17
VisualStudioVersion = 17.10.35013.160
MinimumVisualStudioVersion = 10.0.40219.1
Project("{9A19103F-16F7-4668-BE54-9A1E7A4F7556}") = "McpServer", "server\McpServer.csproj", "{B34F3FB7-DB82-4B2C-B3BE-68BB5D4BFC4D}"
EndProject
Project("{9A19103F-16F7-4668-BE54-9A1E7A4F7556}") = "McpClient", "client\McpClient.csproj", "{ECDEA441-0B85-4718-8E4E-A379B8BAA818}"
EndProject
Global
	GlobalSection(SolutionConfigurationPlatforms) = preSolution
		Debug|Any CPU = Debug|Any CPU
		Release|Any CPU = Release|Any CPU
	EndGlobalSection
	GlobalSection(ProjectConfigurationPlatforms) = postSolution
		{B34F3FB7-DB82-4B2C-B3BE-68BB5D4BFC4D}.Debug|Any CPU.ActiveCfg = Debug|Any CPU
		{B34F3FB7-DB82-4B2C-B3BE-68BB5D4BFC4D}.Debug|Any CPU.Build.0 = Debug|Any CPU
		{B34F3FB7-DB82-4B2C-B3BE-68BB5D4BFC4D}.Release|Any CPU.ActiveCfg = Release|Any CPU
		{B34F3FB7-DB82-4B2C-B3BE-68BB5D4BFC4D}.Release|Any CPU.Build.0 = Release|Any CPU
		{ECDEA441-0B85-4718-8E4E-A379B8BAA818}.Debug|Any CPU.ActiveCfg = Debug|Any CPU
		{ECDEA441-0B85-4718-8E4E-A379B8BAA818}.Debug|Any CPU.Build.0 = Debug|Any CPU
		{ECDEA441-0B85-4718-8E4E-A379B8BAA818}.Release|Any CPU.ActiveCfg = Release|Any CPU
		{ECDEA441-0B85-4718-8E4E-A379B8BAA818}.Release|Any CPU.Build.0 = Release|Any CPU
	EndGlobalSection
	GlobalSection(SolutionProperties) = preSolution
		HideSolutionNode = FALSE
	EndGlobalSection
	GlobalSection(ExtensibilityGlobals) = postSolution
		SolutionGuid = {8BFC109C-CB62-4630-A29D-F42E7835884A}
	EndGlobalSection
EndGlobal
